
Microsoft Visual Studio Solution File, Format Version 12.00
# Visual Studio Version 16
VisualStudioVersion = 16.0.30204.135
MinimumVisualStudioVersion = 10.0.40219.1
Project("{2150E333-8FDC-42A3-9474-1A3956D46DE8}") = "Domain", "Domain", "{C9C10F4B-1390-4F95-8E6B-CB0D7EBC1DC4}"
EndProject
Project("{2150E333-8FDC-42A3-9474-1A3956D46DE8}") = "Infra.Bus", "Infra.Bus", "{83461D98-C2C3-4671-B4B1-16F550C1414C}"
EndProject
Project("{2150E333-8FDC-42A3-9474-1A3956D46DE8}") = "Infra.IoC", "Infra.IoC", "{84B2345D-52C6-4933-9593-B916D9D538B7}"
EndProject
Project("{2150E333-8FDC-42A3-9474-1A3956D46DE8}") = "Microservices", "Microservices", "{69E6DBB6-40B1-478C-A5E4-F911A0F277FA}"
EndProject
Project("{2150E333-8FDC-42A3-9474-1A3956D46DE8}") = "Presentation", "Presentation", "{807E38BD-D5CF-4C8A-B24D-7033E1992366}"
EndProject
Project("{9A19103F-16F7-4668-BE54-9A1E7A4F7556}") = "MicroRabbit.Domain.Core", "MicroRabbit.Domain.Core\MicroRabbit.Domain.Core.csproj", "{B9DFF1FC-026A-4720-92E5-7189277E6E23}"
EndProject
Project("{9A19103F-16F7-4668-BE54-9A1E7A4F7556}") = "MicroRabbit.Infra.Bus", "MicroRabbit.Infra.Bus\MicroRabbit.Infra.Bus.csproj", "{9B898F94-2D3E-4BD7-9678-8CA8E6C2B740}"
EndProject
Project("{9A19103F-16F7-4668-BE54-9A1E7A4F7556}") = "MicroRabbit.Infra.IoC", "MicroRabbit.Infra.IoC\MicroRabbit.Infra.IoC.csproj", "{08364547-E27C-4275-AF64-AC36517443D6}"
EndProject
Project("{2150E333-8FDC-42A3-9474-1A3956D46DE8}") = "Banking", "Banking", "{695719D4-6A3B-4DDA-9D6B-DA98D13B2CFD}"
EndProject
Project("{2150E333-8FDC-42A3-9474-1A3956D46DE8}") = "Api", "Api", "{9136CE27-475B-4C3D-BE02-74451064D320}"
EndProject
Project("{2150E333-8FDC-42A3-9474-1A3956D46DE8}") = "Domain", "Domain", "{59710E46-A4D7-4A3C-BBDA-6ECAE81AE0A4}"
EndProject
Project("{2150E333-8FDC-42A3-9474-1A3956D46DE8}") = "Application", "Application", "{E81A608B-9109-43D2-8556-C9A0E62CB17E}"
EndProject
Project("{2150E333-8FDC-42A3-9474-1A3956D46DE8}") = "Data", "Data", "{5F4983FF-E331-4EE7-B5A9-837203383B98}"
EndProject
Project("{9A19103F-16F7-4668-BE54-9A1E7A4F7556}") = "MicroRabbit.Banking.Application", "MicroRabbit.Banking.Application\MicroRabbit.Banking.Application.csproj", "{F3CC12A8-FE7E-45F2-8A22-0A043B956FB5}"
EndProject
Project("{9A19103F-16F7-4668-BE54-9A1E7A4F7556}") = "MicroRabbit.Banking.Data", "MicroRabbit.Banking.Data\MicroRabbit.Banking.Data.csproj", "{610921A9-3801-4C78-88FF-A33D24CCFA24}"
EndProject
Project("{9A19103F-16F7-4668-BE54-9A1E7A4F7556}") = "MicroRabbit.Banking.Domain", "MicroRabbit.Banking.Domain\MicroRabbit.Banking.Domain.csproj", "{0819A700-A811-4B7A-B3F0-278FA2192BB6}"
EndProject
Project("{9A19103F-16F7-4668-BE54-9A1E7A4F7556}") = "MicroRabbit.Banking.Api", "MicroRabbit.Banking.Apis\MicroRabbit.Banking.Api.csproj", "{848EDA41-CE62-45E5-9CB6-E0B70CCE1074}"
EndProject
Project("{2150E333-8FDC-42A3-9474-1A3956D46DE8}") = "Transfer", "Transfer", "{26271B57-6783-49CC-908E-6D581974C3A5}"
EndProject
Project("{2150E333-8FDC-42A3-9474-1A3956D46DE8}") = "Api", "Api", "{4E0D33B6-5F6A-4192-A07D-0EE0CC65EA05}"
EndProject
Project("{2150E333-8FDC-42A3-9474-1A3956D46DE8}") = "Application", "Application", "{504575F0-7266-4FC4-9ACB-6CCBD6807281}"
EndProject
Project("{2150E333-8FDC-42A3-9474-1A3956D46DE8}") = "Data", "Data", "{3AF026A2-D072-4A13-AB95-E3B23DA2E905}"
EndProject
Project("{2150E333-8FDC-42A3-9474-1A3956D46DE8}") = "Domain", "Domain", "{7B0220B6-08F2-4556-9083-2F10B237C13B}"
EndProject
Project("{FAE04EC0-301F-11D3-BF4B-00C04F79EFBC}") = "MicroRabbit.Transfer.Api", "MicroRabbit.Transfer.Api\MicroRabbit.Transfer.Api.csproj", "{D9008988-3DD1-44E9-AB9A-F26C8D60308A}"
EndProject
Project("{FAE04EC0-301F-11D3-BF4B-00C04F79EFBC}") = "MicroRabbit.Transfer.Application", "MicroRabbit.Transfer.Application\MicroRabbit.Transfer.Application.csproj", "{5F2E64CA-AFF9-4137-8963-7A6CD789938C}"
EndProject
Project("{FAE04EC0-301F-11D3-BF4B-00C04F79EFBC}") = "MicroRabbit.Transfer.Domain", "MicroRabbit.Transfer.Domain\MicroRabbit.Transfer.Domain.csproj", "{6DD01FAB-2B61-4D2C-BDEF-8179C77A7B98}"
EndProject
Project("{FAE04EC0-301F-11D3-BF4B-00C04F79EFBC}") = "MicroRabbit.Transfer.Data", "MicroRabbit.Transfer.Data\MicroRabbit.Transfer.Data.csproj", "{2A5D07B6-7441-4FD3-9146-F79C5E951EA6}"
EndProject
Global
	GlobalSection(SolutionConfigurationPlatforms) = preSolution
		Debug|Any CPU = Debug|Any CPU
		Release|Any CPU = Release|Any CPU
	EndGlobalSection
	GlobalSection(ProjectConfigurationPlatforms) = postSolution
		{B9DFF1FC-026A-4720-92E5-7189277E6E23}.Debug|Any CPU.ActiveCfg = Debug|Any CPU
		{B9DFF1FC-026A-4720-92E5-7189277E6E23}.Debug|Any CPU.Build.0 = Debug|Any CPU
		{B9DFF1FC-026A-4720-92E5-7189277E6E23}.Release|Any CPU.ActiveCfg = Release|Any CPU
		{B9DFF1FC-026A-4720-92E5-7189277E6E23}.Release|Any CPU.Build.0 = Release|Any CPU
		{9B898F94-2D3E-4BD7-9678-8CA8E6C2B740}.Debug|Any CPU.ActiveCfg = Debug|Any CPU
		{9B898F94-2D3E-4BD7-9678-8CA8E6C2B740}.Debug|Any CPU.Build.0 = Debug|Any CPU
		{9B898F94-2D3E-4BD7-9678-8CA8E6C2B740}.Release|Any CPU.ActiveCfg = Release|Any CPU
		{9B898F94-2D3E-4BD7-9678-8CA8E6C2B740}.Release|Any CPU.Build.0 = Release|Any CPU
		{08364547-E27C-4275-AF64-AC36517443D6}.Debug|Any CPU.ActiveCfg = Debug|Any CPU
		{08364547-E27C-4275-AF64-AC36517443D6}.Debug|Any CPU.Build.0 = Debug|Any CPU
		{08364547-E27C-4275-AF64-AC36517443D6}.Release|Any CPU.ActiveCfg = Release|Any CPU
		{08364547-E27C-4275-AF64-AC36517443D6}.Release|Any CPU.Build.0 = Release|Any CPU
		{F3CC12A8-FE7E-45F2-8A22-0A043B956FB5}.Debug|Any CPU.ActiveCfg = Debug|Any CPU
		{F3CC12A8-FE7E-45F2-8A22-0A043B956FB5}.Debug|Any CPU.Build.0 = Debug|Any CPU
		{F3CC12A8-FE7E-45F2-8A22-0A043B956FB5}.Release|Any CPU.ActiveCfg = Release|Any CPU
		{F3CC12A8-FE7E-45F2-8A22-0A043B956FB5}.Release|Any CPU.Build.0 = Release|Any CPU
		{610921A9-3801-4C78-88FF-A33D24CCFA24}.Debug|Any CPU.ActiveCfg = Debug|Any CPU
		{610921A9-3801-4C78-88FF-A33D24CCFA24}.Debug|Any CPU.Build.0 = Debug|Any CPU
		{610921A9-3801-4C78-88FF-A33D24CCFA24}.Release|Any CPU.ActiveCfg = Release|Any CPU
		{610921A9-3801-4C78-88FF-A33D24CCFA24}.Release|Any CPU.Build.0 = Release|Any CPU
		{0819A700-A811-4B7A-B3F0-278FA2192BB6}.Debug|Any CPU.ActiveCfg = Debug|Any CPU
		{0819A700-A811-4B7A-B3F0-278FA2192BB6}.Debug|Any CPU.Build.0 = Debug|Any CPU
		{0819A700-A811-4B7A-B3F0-278FA2192BB6}.Release|Any CPU.ActiveCfg = Release|Any CPU
		{0819A700-A811-4B7A-B3F0-278FA2192BB6}.Release|Any CPU.Build.0 = Release|Any CPU
		{848EDA41-CE62-45E5-9CB6-E0B70CCE1074}.Debug|Any CPU.ActiveCfg = Debug|Any CPU
		{848EDA41-CE62-45E5-9CB6-E0B70CCE1074}.Debug|Any CPU.Build.0 = Debug|Any CPU
		{848EDA41-CE62-45E5-9CB6-E0B70CCE1074}.Release|Any CPU.ActiveCfg = Release|Any CPU
		{848EDA41-CE62-45E5-9CB6-E0B70CCE1074}.Release|Any CPU.Build.0 = Release|Any CPU
		{D9008988-3DD1-44E9-AB9A-F26C8D60308A}.Debug|Any CPU.ActiveCfg = Debug|Any CPU
		{D9008988-3DD1-44E9-AB9A-F26C8D60308A}.Debug|Any CPU.Build.0 = Debug|Any CPU
		{D9008988-3DD1-44E9-AB9A-F26C8D60308A}.Release|Any CPU.ActiveCfg = Release|Any CPU
		{D9008988-3DD1-44E9-AB9A-F26C8D60308A}.Release|Any CPU.Build.0 = Release|Any CPU
		{5F2E64CA-AFF9-4137-8963-7A6CD789938C}.Debug|Any CPU.ActiveCfg = Debug|Any CPU
		{5F2E64CA-AFF9-4137-8963-7A6CD789938C}.Debug|Any CPU.Build.0 = Debug|Any CPU
		{5F2E64CA-AFF9-4137-8963-7A6CD789938C}.Release|Any CPU.ActiveCfg = Release|Any CPU
		{5F2E64CA-AFF9-4137-8963-7A6CD789938C}.Release|Any CPU.Build.0 = Release|Any CPU
		{6DD01FAB-2B61-4D2C-BDEF-8179C77A7B98}.Debug|Any CPU.ActiveCfg = Debug|Any CPU
		{6DD01FAB-2B61-4D2C-BDEF-8179C77A7B98}.Debug|Any CPU.Build.0 = Debug|Any CPU
		{6DD01FAB-2B61-4D2C-BDEF-8179C77A7B98}.Release|Any CPU.ActiveCfg = Release|Any CPU
		{6DD01FAB-2B61-4D2C-BDEF-8179C77A7B98}.Release|Any CPU.Build.0 = Release|Any CPU
		{2A5D07B6-7441-4FD3-9146-F79C5E951EA6}.Debug|Any CPU.ActiveCfg = Debug|Any CPU
		{2A5D07B6-7441-4FD3-9146-F79C5E951EA6}.Debug|Any CPU.Build.0 = Debug|Any CPU
		{2A5D07B6-7441-4FD3-9146-F79C5E951EA6}.Release|Any CPU.ActiveCfg = Release|Any CPU
		{2A5D07B6-7441-4FD3-9146-F79C5E951EA6}.Release|Any CPU.Build.0 = Release|Any CPU
	EndGlobalSection
	GlobalSection(SolutionProperties) = preSolution
		HideSolutionNode = FALSE
	EndGlobalSection
	GlobalSection(NestedProjects) = preSolution
		{B9DFF1FC-026A-4720-92E5-7189277E6E23} = {C9C10F4B-1390-4F95-8E6B-CB0D7EBC1DC4}
		{9B898F94-2D3E-4BD7-9678-8CA8E6C2B740} = {83461D98-C2C3-4671-B4B1-16F550C1414C}
		{08364547-E27C-4275-AF64-AC36517443D6} = {84B2345D-52C6-4933-9593-B916D9D538B7}
		{695719D4-6A3B-4DDA-9D6B-DA98D13B2CFD} = {69E6DBB6-40B1-478C-A5E4-F911A0F277FA}
		{9136CE27-475B-4C3D-BE02-74451064D320} = {695719D4-6A3B-4DDA-9D6B-DA98D13B2CFD}
		{59710E46-A4D7-4A3C-BBDA-6ECAE81AE0A4} = {695719D4-6A3B-4DDA-9D6B-DA98D13B2CFD}
		{E81A608B-9109-43D2-8556-C9A0E62CB17E} = {695719D4-6A3B-4DDA-9D6B-DA98D13B2CFD}
		{5F4983FF-E331-4EE7-B5A9-837203383B98} = {695719D4-6A3B-4DDA-9D6B-DA98D13B2CFD}
		{F3CC12A8-FE7E-45F2-8A22-0A043B956FB5} = {E81A608B-9109-43D2-8556-C9A0E62CB17E}
		{610921A9-3801-4C78-88FF-A33D24CCFA24} = {5F4983FF-E331-4EE7-B5A9-837203383B98}
		{0819A700-A811-4B7A-B3F0-278FA2192BB6} = {59710E46-A4D7-4A3C-BBDA-6ECAE81AE0A4}
		{848EDA41-CE62-45E5-9CB6-E0B70CCE1074} = {9136CE27-475B-4C3D-BE02-74451064D320}
		{26271B57-6783-49CC-908E-6D581974C3A5} = {69E6DBB6-40B1-478C-A5E4-F911A0F277FA}
		{4E0D33B6-5F6A-4192-A07D-0EE0CC65EA05} = {26271B57-6783-49CC-908E-6D581974C3A5}
		{504575F0-7266-4FC4-9ACB-6CCBD6807281} = {26271B57-6783-49CC-908E-6D581974C3A5}
		{3AF026A2-D072-4A13-AB95-E3B23DA2E905} = {26271B57-6783-49CC-908E-6D581974C3A5}
		{7B0220B6-08F2-4556-9083-2F10B237C13B} = {26271B57-6783-49CC-908E-6D581974C3A5}
		{D9008988-3DD1-44E9-AB9A-F26C8D60308A} = {4E0D33B6-5F6A-4192-A07D-0EE0CC65EA05}
		{5F2E64CA-AFF9-4137-8963-7A6CD789938C} = {504575F0-7266-4FC4-9ACB-6CCBD6807281}
		{6DD01FAB-2B61-4D2C-BDEF-8179C77A7B98} = {7B0220B6-08F2-4556-9083-2F10B237C13B}
		{2A5D07B6-7441-4FD3-9146-F79C5E951EA6} = {3AF026A2-D072-4A13-AB95-E3B23DA2E905}
	EndGlobalSection
	GlobalSection(ExtensibilityGlobals) = postSolution
		SolutionGuid = {AD377214-7CF1-4F2E-AB4A-EB7A42A69530}
	EndGlobalSection
EndGlobal
